
Microsoft Visual Studio Solution File, Format Version 12.00
# Visual Studio Version 17
VisualStudioVersion = 17.5.33627.172
MinimumVisualStudioVersion = 10.0.40219.1
Project("{FAE04EC0-301F-11D3-BF4B-00C04F79EFBC}") = "MeuPrimeiroProjetoMVC", "MeuPrimeiroProjetoMVC\MeuPrimeiroProjetoMVC.csproj", "{95378706-EFFC-4581-8BD7-DD36516A83DC}"
EndProject
Global
	GlobalSection(SolutionConfigurationPlatforms) = preSolution
		Debug|Any CPU = Debug|Any CPU
		Release|Any CPU = Release|Any CPU
	EndGlobalSection
	GlobalSection(ProjectConfigurationPlatforms) = postSolution
		{95378706-EFFC-4581-8BD7-DD36516A83DC}.Debug|Any CPU.ActiveCfg = Debug|Any CPU
		{95378706-EFFC-4581-8BD7-DD36516A83DC}.Debug|Any CPU.Build.0 = Debug|Any CPU
		{95378706-EFFC-4581-8BD7-DD36516A83DC}.Release|Any CPU.ActiveCfg = Release|Any CPU
		{95378706-EFFC-4581-8BD7-DD36516A83DC}.Release|Any CPU.Build.0 = Release|Any CPU
	EndGlobalSection
	GlobalSection(SolutionProperties) = preSolution
		HideSolutionNode = FALSE
	EndGlobalSection
	GlobalSection(ExtensibilityGlobals) = postSolution
		SolutionGuid = {0E1D63AC-5AA5-4D03-B870-74FA395952B7}
	EndGlobalSection
EndGlobal
